// !$*UTF8*$!
{
	archiveVersion = 1;
	classes = {
	};
	objectVersion = 50;
	objects = {

/* Begin PBXBuildFile section */
		EFF83465267A22F1008EB5BB /* AnimalsAppApp.swift in Sources */ = {isa = PBXBuildFile; fileRef = EFF83452267A22F0008EB5BB /* AnimalsAppApp.swift */; };
		EFF83466267A22F1008EB5BB /* AnimalsAppApp.swift in Sources */ = {isa = PBXBuildFile; fileRef = EFF83452267A22F0008EB5BB /* AnimalsAppApp.swift */; };
		EFF83467267A22F1008EB5BB /* ContentView.swift in Sources */ = {isa = PBXBuildFile; fileRef = EFF83453267A22F0008EB5BB /* ContentView.swift */; };
		EFF83468267A22F1008EB5BB /* ContentView.swift in Sources */ = {isa = PBXBuildFile; fileRef = EFF83453267A22F0008EB5BB /* ContentView.swift */; };
		EFF83469267A22F1008EB5BB /* Assets.xcassets in Resources */ = {isa = PBXBuildFile; fileRef = EFF83454267A22F1008EB5BB /* Assets.xcassets */; };
		EFF8346A267A22F1008EB5BB /* Assets.xcassets in Resources */ = {isa = PBXBuildFile; fileRef = EFF83454267A22F1008EB5BB /* Assets.xcassets */; };
		EFF83480267A268A008EB5BB /* hippo.mp4 in Resources */ = {isa = PBXBuildFile; fileRef = EFF83476267A2688008EB5BB /* hippo.mp4 */; };
		EFF83481267A268A008EB5BB /* hippo.mp4 in Resources */ = {isa = PBXBuildFile; fileRef = EFF83476267A2688008EB5BB /* hippo.mp4 */; };
		EFF83482267A268A008EB5BB /* zebra.mp4 in Resources */ = {isa = PBXBuildFile; fileRef = EFF83477267A2688008EB5BB /* zebra.mp4 */; };
		EFF83483267A268A008EB5BB /* zebra.mp4 in Resources */ = {isa = PBXBuildFile; fileRef = EFF83477267A2688008EB5BB /* zebra.mp4 */; };
		EFF83484267A268A008EB5BB /* rhino.mp4 in Resources */ = {isa = PBXBuildFile; fileRef = EFF83478267A2689008EB5BB /* rhino.mp4 */; };
		EFF83485267A268A008EB5BB /* rhino.mp4 in Resources */ = {isa = PBXBuildFile; fileRef = EFF83478267A2689008EB5BB /* rhino.mp4 */; };
		EFF83486267A268A008EB5BB /* gorilla.mp4 in Resources */ = {isa = PBXBuildFile; fileRef = EFF83479267A2689008EB5BB /* gorilla.mp4 */; };
		EFF83487267A268A008EB5BB /* gorilla.mp4 in Resources */ = {isa = PBXBuildFile; fileRef = EFF83479267A2689008EB5BB /* gorilla.mp4 */; };
		EFF83488267A268A008EB5BB /* giraffe.mp4 in Resources */ = {isa = PBXBuildFile; fileRef = EFF8347A267A2689008EB5BB /* giraffe.mp4 */; };
		EFF83489267A268A008EB5BB /* giraffe.mp4 in Resources */ = {isa = PBXBuildFile; fileRef = EFF8347A267A2689008EB5BB /* giraffe.mp4 */; };
		EFF8348A267A268A008EB5BB /* elephant.mp4 in Resources */ = {isa = PBXBuildFile; fileRef = EFF8347B267A2689008EB5BB /* elephant.mp4 */; };
		EFF8348B267A268A008EB5BB /* elephant.mp4 in Resources */ = {isa = PBXBuildFile; fileRef = EFF8347B267A2689008EB5BB /* elephant.mp4 */; };
		EFF8348C267A268A008EB5BB /* lioness.mp4 in Resources */ = {isa = PBXBuildFile; fileRef = EFF8347C267A2689008EB5BB /* lioness.mp4 */; };
		EFF8348D267A268A008EB5BB /* lioness.mp4 in Resources */ = {isa = PBXBuildFile; fileRef = EFF8347C267A2689008EB5BB /* lioness.mp4 */; };
		EFF8348E267A268A008EB5BB /* ostrich.mp4 in Resources */ = {isa = PBXBuildFile; fileRef = EFF8347D267A268A008EB5BB /* ostrich.mp4 */; };
		EFF8348F267A268A008EB5BB /* ostrich.mp4 in Resources */ = {isa = PBXBuildFile; fileRef = EFF8347D267A268A008EB5BB /* ostrich.mp4 */; };
		EFF83490267A268A008EB5BB /* lion.mp4 in Resources */ = {isa = PBXBuildFile; fileRef = EFF8347E267A268A008EB5BB /* lion.mp4 */; };
		EFF83491267A268A008EB5BB /* lion.mp4 in Resources */ = {isa = PBXBuildFile; fileRef = EFF8347E267A268A008EB5BB /* lion.mp4 */; };
		EFF83492267A268A008EB5BB /* cheetah.mp4 in Resources */ = {isa = PBXBuildFile; fileRef = EFF8347F267A268A008EB5BB /* cheetah.mp4 */; };
		EFF83493267A268A008EB5BB /* cheetah.mp4 in Resources */ = {isa = PBXBuildFile; fileRef = EFF8347F267A268A008EB5BB /* cheetah.mp4 */; };
		EFF8349B267A26CB008EB5BB /* locations.json in Resources */ = {isa = PBXBuildFile; fileRef = EFF83497267A26CB008EB5BB /* locations.json */; };
		EFF8349C267A26CB008EB5BB /* locations.json in Resources */ = {isa = PBXBuildFile; fileRef = EFF83497267A26CB008EB5BB /* locations.json */; };
		EFF8349D267A26CB008EB5BB /* videos.json in Resources */ = {isa = PBXBuildFile; fileRef = EFF83498267A26CB008EB5BB /* videos.json */; };
		EFF8349E267A26CB008EB5BB /* videos.json in Resources */ = {isa = PBXBuildFile; fileRef = EFF83498267A26CB008EB5BB /* videos.json */; };
		EFF8349F267A26CB008EB5BB /* covers.json in Resources */ = {isa = PBXBuildFile; fileRef = EFF83499267A26CB008EB5BB /* covers.json */; };
		EFF834A0267A26CB008EB5BB /* covers.json in Resources */ = {isa = PBXBuildFile; fileRef = EFF83499267A26CB008EB5BB /* covers.json */; };
		EFF834A1267A26CB008EB5BB /* animals.json in Resources */ = {isa = PBXBuildFile; fileRef = EFF8349A267A26CB008EB5BB /* animals.json */; };
		EFF834A2267A26CB008EB5BB /* animals.json in Resources */ = {isa = PBXBuildFile; fileRef = EFF8349A267A26CB008EB5BB /* animals.json */; };
		EFF834AD267A2995008EB5BB /* VideosListView.swift in Sources */ = {isa = PBXBuildFile; fileRef = EFF834AC267A2995008EB5BB /* VideosListView.swift */; };
		EFF834AE267A2995008EB5BB /* VideosListView.swift in Sources */ = {isa = PBXBuildFile; fileRef = EFF834AC267A2995008EB5BB /* VideosListView.swift */; };
		EFF834B2267A29A5008EB5BB /* MapView.swift in Sources */ = {isa = PBXBuildFile; fileRef = EFF834B1267A29A5008EB5BB /* MapView.swift */; };
		EFF834B3267A29A5008EB5BB /* MapView.swift in Sources */ = {isa = PBXBuildFile; fileRef = EFF834B1267A29A5008EB5BB /* MapView.swift */; };
		EFF834B7267A29B6008EB5BB /* GalleryView.swift in Sources */ = {isa = PBXBuildFile; fileRef = EFF834B6267A29B6008EB5BB /* GalleryView.swift */; };
		EFF834B8267A29B6008EB5BB /* GalleryView.swift in Sources */ = {isa = PBXBuildFile; fileRef = EFF834B6267A29B6008EB5BB /* GalleryView.swift */; };
		EFF834BC267A29C3008EB5BB /* MainView.swift in Sources */ = {isa = PBXBuildFile; fileRef = EFF834BB267A29C3008EB5BB /* MainView.swift */; };
		EFF834BD267A29C3008EB5BB /* MainView.swift in Sources */ = {isa = PBXBuildFile; fileRef = EFF834BB267A29C3008EB5BB /* MainView.swift */; };
		EFF834C3267A30C3008EB5BB /* CoverImageView.swift in Sources */ = {isa = PBXBuildFile; fileRef = EFF834C2267A30C3008EB5BB /* CoverImageView.swift */; };
		EFF834C4267A30C3008EB5BB /* CoverImageView.swift in Sources */ = {isa = PBXBuildFile; fileRef = EFF834C2267A30C3008EB5BB /* CoverImageView.swift */; };
		EFF834C9267A3382008EB5BB /* CoverImage.swift in Sources */ = {isa = PBXBuildFile; fileRef = EFF834C8267A3382008EB5BB /* CoverImage.swift */; };
		EFF834CA267A3382008EB5BB /* CoverImage.swift in Sources */ = {isa = PBXBuildFile; fileRef = EFF834C8267A3382008EB5BB /* CoverImage.swift */; };
		EFF834D3267A3497008EB5BB /* CodableBundleExtension.swift in Sources */ = {isa = PBXBuildFile; fileRef = EFF834D2267A3497008EB5BB /* CodableBundleExtension.swift */; };
		EFF834D4267A3497008EB5BB /* CodableBundleExtension.swift in Sources */ = {isa = PBXBuildFile; fileRef = EFF834D2267A3497008EB5BB /* CodableBundleExtension.swift */; };
		EFF834D8267B4118008EB5BB /* AnimalRowView.swift in Sources */ = {isa = PBXBuildFile; fileRef = EFF834D7267B4118008EB5BB /* AnimalRowView.swift */; };
		EFF834D9267B4118008EB5BB /* AnimalRowView.swift in Sources */ = {isa = PBXBuildFile; fileRef = EFF834D7267B4118008EB5BB /* AnimalRowView.swift */; };
		EFF834DD267B567A008EB5BB /* Animal.swift in Sources */ = {isa = PBXBuildFile; fileRef = EFF834DC267B567A008EB5BB /* Animal.swift */; };
		EFF834DE267B567A008EB5BB /* Animal.swift in Sources */ = {isa = PBXBuildFile; fileRef = EFF834DC267B567A008EB5BB /* Animal.swift */; };
/* End PBXBuildFile section */

/* Begin PBXFileReference section */
		EFF83452267A22F0008EB5BB /* AnimalsAppApp.swift */ = {isa = PBXFileReference; lastKnownFileType = sourcecode.swift; path = AnimalsAppApp.swift; sourceTree = "<group>"; };
		EFF83453267A22F0008EB5BB /* ContentView.swift */ = {isa = PBXFileReference; lastKnownFileType = sourcecode.swift; path = ContentView.swift; sourceTree = "<group>"; };
		EFF83454267A22F1008EB5BB /* Assets.xcassets */ = {isa = PBXFileReference; lastKnownFileType = folder.assetcatalog; path = Assets.xcassets; sourceTree = "<group>"; };
		EFF83459267A22F1008EB5BB /* AnimalsApp.app */ = {isa = PBXFileReference; explicitFileType = wrapper.application; includeInIndex = 0; path = AnimalsApp.app; sourceTree = BUILT_PRODUCTS_DIR; };
		EFF8345C267A22F1008EB5BB /* Info.plist */ = {isa = PBXFileReference; lastKnownFileType = text.plist.xml; path = Info.plist; sourceTree = "<group>"; };
		EFF83461267A22F1008EB5BB /* AnimalsApp.app */ = {isa = PBXFileReference; explicitFileType = wrapper.application; includeInIndex = 0; path = AnimalsApp.app; sourceTree = BUILT_PRODUCTS_DIR; };
		EFF83463267A22F1008EB5BB /* Info.plist */ = {isa = PBXFileReference; lastKnownFileType = text.plist.xml; path = Info.plist; sourceTree = "<group>"; };
		EFF83464267A22F1008EB5BB /* macOS.entitlements */ = {isa = PBXFileReference; lastKnownFileType = text.plist.entitlements; path = macOS.entitlements; sourceTree = "<group>"; };
		EFF83476267A2688008EB5BB /* hippo.mp4 */ = {isa = PBXFileReference; lastKnownFileType = file; path = hippo.mp4; sourceTree = "<group>"; };
		EFF83477267A2688008EB5BB /* zebra.mp4 */ = {isa = PBXFileReference; lastKnownFileType = file; path = zebra.mp4; sourceTree = "<group>"; };
		EFF83478267A2689008EB5BB /* rhino.mp4 */ = {isa = PBXFileReference; lastKnownFileType = file; path = rhino.mp4; sourceTree = "<group>"; };
		EFF83479267A2689008EB5BB /* gorilla.mp4 */ = {isa = PBXFileReference; lastKnownFileType = file; path = gorilla.mp4; sourceTree = "<group>"; };
		EFF8347A267A2689008EB5BB /* giraffe.mp4 */ = {isa = PBXFileReference; lastKnownFileType = file; path = giraffe.mp4; sourceTree = "<group>"; };
		EFF8347B267A2689008EB5BB /* elephant.mp4 */ = {isa = PBXFileReference; lastKnownFileType = file; path = elephant.mp4; sourceTree = "<group>"; };
		EFF8347C267A2689008EB5BB /* lioness.mp4 */ = {isa = PBXFileReference; lastKnownFileType = file; path = lioness.mp4; sourceTree = "<group>"; };
		EFF8347D267A268A008EB5BB /* ostrich.mp4 */ = {isa = PBXFileReference; lastKnownFileType = file; path = ostrich.mp4; sourceTree = "<group>"; };
		EFF8347E267A268A008EB5BB /* lion.mp4 */ = {isa = PBXFileReference; lastKnownFileType = file; path = lion.mp4; sourceTree = "<group>"; };
		EFF8347F267A268A008EB5BB /* cheetah.mp4 */ = {isa = PBXFileReference; lastKnownFileType = file; path = cheetah.mp4; sourceTree = "<group>"; };
		EFF83497267A26CB008EB5BB /* locations.json */ = {isa = PBXFileReference; fileEncoding = 4; lastKnownFileType = text.json; path = locations.json; sourceTree = "<group>"; };
		EFF83498267A26CB008EB5BB /* videos.json */ = {isa = PBXFileReference; fileEncoding = 4; lastKnownFileType = text.json; path = videos.json; sourceTree = "<group>"; };
		EFF83499267A26CB008EB5BB /* covers.json */ = {isa = PBXFileReference; fileEncoding = 4; lastKnownFileType = text.json; path = covers.json; sourceTree = "<group>"; };
		EFF8349A267A26CB008EB5BB /* animals.json */ = {isa = PBXFileReference; fileEncoding = 4; lastKnownFileType = text.json; path = animals.json; sourceTree = "<group>"; };
		EFF834AC267A2995008EB5BB /* VideosListView.swift */ = {isa = PBXFileReference; lastKnownFileType = sourcecode.swift; path = VideosListView.swift; sourceTree = "<group>"; };
		EFF834B1267A29A5008EB5BB /* MapView.swift */ = {isa = PBXFileReference; lastKnownFileType = sourcecode.swift; path = MapView.swift; sourceTree = "<group>"; };
		EFF834B6267A29B6008EB5BB /* GalleryView.swift */ = {isa = PBXFileReference; lastKnownFileType = sourcecode.swift; path = GalleryView.swift; sourceTree = "<group>"; };
		EFF834BB267A29C3008EB5BB /* MainView.swift */ = {isa = PBXFileReference; lastKnownFileType = sourcecode.swift; path = MainView.swift; sourceTree = "<group>"; };
		EFF834C2267A30C3008EB5BB /* CoverImageView.swift */ = {isa = PBXFileReference; lastKnownFileType = sourcecode.swift; path = CoverImageView.swift; sourceTree = "<group>"; };
		EFF834C8267A3382008EB5BB /* CoverImage.swift */ = {isa = PBXFileReference; lastKnownFileType = sourcecode.swift; path = CoverImage.swift; sourceTree = "<group>"; };
		EFF834D2267A3497008EB5BB /* CodableBundleExtension.swift */ = {isa = PBXFileReference; lastKnownFileType = sourcecode.swift; path = CodableBundleExtension.swift; sourceTree = "<group>"; };
		EFF834D7267B4118008EB5BB /* AnimalRowView.swift */ = {isa = PBXFileReference; lastKnownFileType = sourcecode.swift; path = AnimalRowView.swift; sourceTree = "<group>"; };
		EFF834DC267B567A008EB5BB /* Animal.swift */ = {isa = PBXFileReference; lastKnownFileType = sourcecode.swift; path = Animal.swift; sourceTree = "<group>"; };
/* End PBXFileReference section */

/* Begin PBXFrameworksBuildPhase section */
		EFF83456267A22F1008EB5BB /* Frameworks */ = {
			isa = PBXFrameworksBuildPhase;
			buildActionMask = 2147483647;
			files = (
			);
			runOnlyForDeploymentPostprocessing = 0;
		};
		EFF8345E267A22F1008EB5BB /* Frameworks */ = {
			isa = PBXFrameworksBuildPhase;
			buildActionMask = 2147483647;
			files = (
			);
			runOnlyForDeploymentPostprocessing = 0;
		};
/* End PBXFrameworksBuildPhase section */

/* Begin PBXGroup section */
		EFF8344C267A22F0008EB5BB = {
			isa = PBXGroup;
			children = (
				EFF834D1267A3482008EB5BB /* Extensions */,
				EFF83496267A26B1008EB5BB /* Data */,
				EFF83475267A25B5008EB5BB /* Videos */,
				EFF83451267A22F0008EB5BB /* Shared */,
				EFF8345B267A22F1008EB5BB /* iOS */,
				EFF83462267A22F1008EB5BB /* macOS */,
				EFF8345A267A22F1008EB5BB /* Products */,
			);
			sourceTree = "<group>";
		};
		EFF83451267A22F0008EB5BB /* Shared */ = {
			isa = PBXGroup;
			children = (
				EFF834A9267A2922008EB5BB /* App */,
				EFF83454267A22F1008EB5BB /* Assets.xcassets */,
			);
			path = Shared;
			sourceTree = "<group>";
		};
		EFF8345A267A22F1008EB5BB /* Products */ = {
			isa = PBXGroup;
			children = (
				EFF83459267A22F1008EB5BB /* AnimalsApp.app */,
				EFF83461267A22F1008EB5BB /* AnimalsApp.app */,
			);
			name = Products;
			sourceTree = "<group>";
		};
		EFF8345B267A22F1008EB5BB /* iOS */ = {
			isa = PBXGroup;
			children = (
				EFF8345C267A22F1008EB5BB /* Info.plist */,
			);
			path = iOS;
			sourceTree = "<group>";
		};
		EFF83462267A22F1008EB5BB /* macOS */ = {
			isa = PBXGroup;
			children = (
				EFF83463267A22F1008EB5BB /* Info.plist */,
				EFF83464267A22F1008EB5BB /* macOS.entitlements */,
			);
			path = macOS;
			sourceTree = "<group>";
		};
		EFF83475267A25B5008EB5BB /* Videos */ = {
			isa = PBXGroup;
			children = (
				EFF8347F267A268A008EB5BB /* cheetah.mp4 */,
				EFF8347B267A2689008EB5BB /* elephant.mp4 */,
				EFF8347A267A2689008EB5BB /* giraffe.mp4 */,
				EFF83479267A2689008EB5BB /* gorilla.mp4 */,
				EFF83476267A2688008EB5BB /* hippo.mp4 */,
				EFF8347E267A268A008EB5BB /* lion.mp4 */,
				EFF8347C267A2689008EB5BB /* lioness.mp4 */,
				EFF8347D267A268A008EB5BB /* ostrich.mp4 */,
				EFF83478267A2689008EB5BB /* rhino.mp4 */,
				EFF83477267A2688008EB5BB /* zebra.mp4 */,
			);
			path = Videos;
			sourceTree = "<group>";
		};
		EFF83496267A26B1008EB5BB /* Data */ = {
			isa = PBXGroup;
			children = (
				EFF834C7267A3372008EB5BB /* Model */,
				EFF8349A267A26CB008EB5BB /* animals.json */,
				EFF83499267A26CB008EB5BB /* covers.json */,
				EFF83497267A26CB008EB5BB /* locations.json */,
				EFF83498267A26CB008EB5BB /* videos.json */,
			);
			path = Data;
			sourceTree = "<group>";
		};
		EFF834A9267A2922008EB5BB /* App */ = {
			isa = PBXGroup;
			children = (
				EFF83452267A22F0008EB5BB /* AnimalsAppApp.swift */,
				EFF83453267A22F0008EB5BB /* ContentView.swift */,
				EFF834AC267A2995008EB5BB /* VideosListView.swift */,
				EFF834B1267A29A5008EB5BB /* MapView.swift */,
				EFF834B6267A29B6008EB5BB /* GalleryView.swift */,
				EFF834BB267A29C3008EB5BB /* MainView.swift */,
				EFF834C2267A30C3008EB5BB /* CoverImageView.swift */,
				EFF834D7267B4118008EB5BB /* AnimalRowView.swift */,
			);
			path = App;
			sourceTree = "<group>";
		};
		EFF834C7267A3372008EB5BB /* Model */ = {
			isa = PBXGroup;
			children = (
				EFF834C8267A3382008EB5BB /* CoverImage.swift */,
				EFF834DC267B567A008EB5BB /* Animal.swift */,
			);
			path = Model;
			sourceTree = "<group>";
		};
		EFF834D1267A3482008EB5BB /* Extensions */ = {
			isa = PBXGroup;
			children = (
				EFF834D2267A3497008EB5BB /* CodableBundleExtension.swift */,
			);
			path = Extensions;
			sourceTree = "<group>";
		};
/* End PBXGroup section */

/* Begin PBXNativeTarget section */
		EFF83458267A22F1008EB5BB /* AnimalsApp (iOS) */ = {
			isa = PBXNativeTarget;
			buildConfigurationList = EFF8346D267A22F1008EB5BB /* Build configuration list for PBXNativeTarget "AnimalsApp (iOS)" */;
			buildPhases = (
				EFF83455267A22F1008EB5BB /* Sources */,
				EFF83456267A22F1008EB5BB /* Frameworks */,
				EFF83457267A22F1008EB5BB /* Resources */,
			);
			buildRules = (
			);
			dependencies = (
			);
			name = "AnimalsApp (iOS)";
			productName = "AnimalsApp (iOS)";
			productReference = EFF83459267A22F1008EB5BB /* AnimalsApp.app */;
			productType = "com.apple.product-type.application";
		};
		EFF83460267A22F1008EB5BB /* AnimalsApp (macOS) */ = {
			isa = PBXNativeTarget;
			buildConfigurationList = EFF83470267A22F1008EB5BB /* Build configuration list for PBXNativeTarget "AnimalsApp (macOS)" */;
			buildPhases = (
				EFF8345D267A22F1008EB5BB /* Sources */,
				EFF8345E267A22F1008EB5BB /* Frameworks */,
				EFF8345F267A22F1008EB5BB /* Resources */,
			);
			buildRules = (
			);
			dependencies = (
			);
			name = "AnimalsApp (macOS)";
			productName = "AnimalsApp (macOS)";
			productReference = EFF83461267A22F1008EB5BB /* AnimalsApp.app */;
			productType = "com.apple.product-type.application";
		};
/* End PBXNativeTarget section */

/* Begin PBXProject section */
		EFF8344D267A22F0008EB5BB /* Project object */ = {
			isa = PBXProject;
			attributes = {
				LastSwiftUpdateCheck = 1240;
				LastUpgradeCheck = 1240;
				TargetAttributes = {
					EFF83458267A22F1008EB5BB = {
						CreatedOnToolsVersion = 12.4;
					};
					EFF83460267A22F1008EB5BB = {
						CreatedOnToolsVersion = 12.4;
					};
				};
			};
			buildConfigurationList = EFF83450267A22F0008EB5BB /* Build configuration list for PBXProject "AnimalsApp" */;
			compatibilityVersion = "Xcode 9.3";
			developmentRegion = en;
			hasScannedForEncodings = 0;
			knownRegions = (
				en,
				Base,
			);
			mainGroup = EFF8344C267A22F0008EB5BB;
			productRefGroup = EFF8345A267A22F1008EB5BB /* Products */;
			projectDirPath = "";
			projectRoot = "";
			targets = (
				EFF83458267A22F1008EB5BB /* AnimalsApp (iOS) */,
				EFF83460267A22F1008EB5BB /* AnimalsApp (macOS) */,
			);
		};
/* End PBXProject section */

/* Begin PBXResourcesBuildPhase section */
		EFF83457267A22F1008EB5BB /* Resources */ = {
			isa = PBXResourcesBuildPhase;
			buildActionMask = 2147483647;
			files = (
				EFF834A1267A26CB008EB5BB /* animals.json in Resources */,
				EFF83484267A268A008EB5BB /* rhino.mp4 in Resources */,
				EFF83480267A268A008EB5BB /* hippo.mp4 in Resources */,
				EFF83488267A268A008EB5BB /* giraffe.mp4 in Resources */,
				EFF83490267A268A008EB5BB /* lion.mp4 in Resources */,
				EFF8349D267A26CB008EB5BB /* videos.json in Resources */,
				EFF8348E267A268A008EB5BB /* ostrich.mp4 in Resources */,
				EFF83486267A268A008EB5BB /* gorilla.mp4 in Resources */,
				EFF8349F267A26CB008EB5BB /* covers.json in Resources */,
				EFF8348A267A268A008EB5BB /* elephant.mp4 in Resources */,
				EFF83482267A268A008EB5BB /* zebra.mp4 in Resources */,
				EFF83469267A22F1008EB5BB /* Assets.xcassets in Resources */,
				EFF8348C267A268A008EB5BB /* lioness.mp4 in Resources */,
				EFF8349B267A26CB008EB5BB /* locations.json in Resources */,
				EFF83492267A268A008EB5BB /* cheetah.mp4 in Resources */,
			);
			runOnlyForDeploymentPostprocessing = 0;
		};
		EFF8345F267A22F1008EB5BB /* Resources */ = {
			isa = PBXResourcesBuildPhase;
			buildActionMask = 2147483647;
			files = (
				EFF834A2267A26CB008EB5BB /* animals.json in Resources */,
				EFF83485267A268A008EB5BB /* rhino.mp4 in Resources */,
				EFF83481267A268A008EB5BB /* hippo.mp4 in Resources */,
				EFF83489267A268A008EB5BB /* giraffe.mp4 in Resources */,
				EFF83491267A268A008EB5BB /* lion.mp4 in Resources */,
				EFF8349E267A26CB008EB5BB /* videos.json in Resources */,
				EFF8348F267A268A008EB5BB /* ostrich.mp4 in Resources */,
				EFF83487267A268A008EB5BB /* gorilla.mp4 in Resources */,
				EFF834A0267A26CB008EB5BB /* covers.json in Resources */,
				EFF8348B267A268A008EB5BB /* elephant.mp4 in Resources */,
				EFF83483267A268A008EB5BB /* zebra.mp4 in Resources */,
				EFF8346A267A22F1008EB5BB /* Assets.xcassets in Resources */,
				EFF8348D267A268A008EB5BB /* lioness.mp4 in Resources */,
				EFF8349C267A26CB008EB5BB /* locations.json in Resources */,
				EFF83493267A268A008EB5BB /* cheetah.mp4 in Resources */,
			);
			runOnlyForDeploymentPostprocessing = 0;
		};
/* End PBXResourcesBuildPhase section */

/* Begin PBXSourcesBuildPhase section */
		EFF83455267A22F1008EB5BB /* Sources */ = {
			isa = PBXSourcesBuildPhase;
			buildActionMask = 2147483647;
			files = (
				EFF834DD267B567A008EB5BB /* Animal.swift in Sources */,
				EFF83467267A22F1008EB5BB /* ContentView.swift in Sources */,
				EFF834BC267A29C3008EB5BB /* MainView.swift in Sources */,
				EFF834C3267A30C3008EB5BB /* CoverImageView.swift in Sources */,
				EFF834C9267A3382008EB5BB /* CoverImage.swift in Sources */,
				EFF834B2267A29A5008EB5BB /* MapView.swift in Sources */,
				EFF834D8267B4118008EB5BB /* AnimalRowView.swift in Sources */,
				EFF83465267A22F1008EB5BB /* AnimalsAppApp.swift in Sources */,
				EFF834AD267A2995008EB5BB /* VideosListView.swift in Sources */,
				EFF834B7267A29B6008EB5BB /* GalleryView.swift in Sources */,
				EFF834D3267A3497008EB5BB /* CodableBundleExtension.swift in Sources */,
			);
			runOnlyForDeploymentPostprocessing = 0;
		};
		EFF8345D267A22F1008EB5BB /* Sources */ = {
			isa = PBXSourcesBuildPhase;
			buildActionMask = 2147483647;
			files = (
				EFF834DE267B567A008EB5BB /* Animal.swift in Sources */,
				EFF83468267A22F1008EB5BB /* ContentView.swift in Sources */,
				EFF834BD267A29C3008EB5BB /* MainView.swift in Sources */,
				EFF834C4267A30C3008EB5BB /* CoverImageView.swift in Sources */,
				EFF834CA267A3382008EB5BB /* CoverImage.swift in Sources */,
				EFF834B3267A29A5008EB5BB /* MapView.swift in Sources */,
				EFF834D9267B4118008EB5BB /* AnimalRowView.swift in Sources */,
				EFF83466267A22F1008EB5BB /* AnimalsAppApp.swift in Sources */,
				EFF834AE267A2995008EB5BB /* VideosListView.swift in Sources */,
				EFF834B8267A29B6008EB5BB /* GalleryView.swift in Sources */,
				EFF834D4267A3497008EB5BB /* CodableBundleExtension.swift in Sources */,
			);
			runOnlyForDeploymentPostprocessing = 0;
		};
/* End PBXSourcesBuildPhase section */

/* Begin XCBuildConfiguration section */
		EFF8346B267A22F1008EB5BB /* Debug */ = {
			isa = XCBuildConfiguration;
			buildSettings = {
				ALWAYS_SEARCH_USER_PATHS = NO;
				CLANG_ANALYZER_NONNULL = YES;
				CLANG_ANALYZER_NUMBER_OBJECT_CONVERSION = YES_AGGRESSIVE;
				CLANG_CXX_LANGUAGE_STANDARD = "gnu++14";
				CLANG_CXX_LIBRARY = "libc++";
				CLANG_ENABLE_MODULES = YES;
				CLANG_ENABLE_OBJC_ARC = YES;
				CLANG_ENABLE_OBJC_WEAK = YES;
				CLANG_WARN_BLOCK_CAPTURE_AUTORELEASING = YES;
				CLANG_WARN_BOOL_CONVERSION = YES;
				CLANG_WARN_COMMA = YES;
				CLANG_WARN_CONSTANT_CONVERSION = YES;
				CLANG_WARN_DEPRECATED_OBJC_IMPLEMENTATIONS = YES;
				CLANG_WARN_DIRECT_OBJC_ISA_USAGE = YES_ERROR;
				CLANG_WARN_DOCUMENTATION_COMMENTS = YES;
				CLANG_WARN_EMPTY_BODY = YES;
				CLANG_WARN_ENUM_CONVERSION = YES;
				CLANG_WARN_INFINITE_RECURSION = YES;
				CLANG_WARN_INT_CONVERSION = YES;
				CLANG_WARN_NON_LITERAL_NULL_CONVERSION = YES;
				CLANG_WARN_OBJC_IMPLICIT_RETAIN_SELF = YES;
				CLANG_WARN_OBJC_LITERAL_CONVERSION = YES;
				CLANG_WARN_OBJC_ROOT_CLASS = YES_ERROR;
				CLANG_WARN_QUOTED_INCLUDE_IN_FRAMEWORK_HEADER = YES;
				CLANG_WARN_RANGE_LOOP_ANALYSIS = YES;
				CLANG_WARN_STRICT_PROTOTYPES = YES;
				CLANG_WARN_SUSPICIOUS_MOVE = YES;
				CLANG_WARN_UNGUARDED_AVAILABILITY = YES_AGGRESSIVE;
				CLANG_WARN_UNREACHABLE_CODE = YES;
				CLANG_WARN__DUPLICATE_METHOD_MATCH = YES;
				COPY_PHASE_STRIP = NO;
				DEBUG_INFORMATION_FORMAT = dwarf;
				ENABLE_STRICT_OBJC_MSGSEND = YES;
				ENABLE_TESTABILITY = YES;
				GCC_C_LANGUAGE_STANDARD = gnu11;
				GCC_DYNAMIC_NO_PIC = NO;
				GCC_NO_COMMON_BLOCKS = YES;
				GCC_OPTIMIZATION_LEVEL = 0;
				GCC_PREPROCESSOR_DEFINITIONS = (
					"DEBUG=1",
					"$(inherited)",
				);
				GCC_WARN_64_TO_32_BIT_CONVERSION = YES;
				GCC_WARN_ABOUT_RETURN_TYPE = YES_ERROR;
				GCC_WARN_UNDECLARED_SELECTOR = YES;
				GCC_WARN_UNINITIALIZED_AUTOS = YES_AGGRESSIVE;
				GCC_WARN_UNUSED_FUNCTION = YES;
				GCC_WARN_UNUSED_VARIABLE = YES;
				MTL_ENABLE_DEBUG_INFO = INCLUDE_SOURCE;
				MTL_FAST_MATH = YES;
				ONLY_ACTIVE_ARCH = YES;
				SWIFT_ACTIVE_COMPILATION_CONDITIONS = DEBUG;
				SWIFT_OPTIMIZATION_LEVEL = "-Onone";
			};
			name = Debug;
		};
		EFF8346C267A22F1008EB5BB /* Release */ = {
			isa = XCBuildConfiguration;
			buildSettings = {
				ALWAYS_SEARCH_USER_PATHS = NO;
				CLANG_ANALYZER_NONNULL = YES;
				CLANG_ANALYZER_NUMBER_OBJECT_CONVERSION = YES_AGGRESSIVE;
				CLANG_CXX_LANGUAGE_STANDARD = "gnu++14";
				CLANG_CXX_LIBRARY = "libc++";
				CLANG_ENABLE_MODULES = YES;
				CLANG_ENABLE_OBJC_ARC = YES;
				CLANG_ENABLE_OBJC_WEAK = YES;
				CLANG_WARN_BLOCK_CAPTURE_AUTORELEASING = YES;
				CLANG_WARN_BOOL_CONVERSION = YES;
				CLANG_WARN_COMMA = YES;
				CLANG_WARN_CONSTANT_CONVERSION = YES;
				CLANG_WARN_DEPRECATED_OBJC_IMPLEMENTATIONS = YES;
				CLANG_WARN_DIRECT_OBJC_ISA_USAGE = YES_ERROR;
				CLANG_WARN_DOCUMENTATION_COMMENTS = YES;
				CLANG_WARN_EMPTY_BODY = YES;
				CLANG_WARN_ENUM_CONVERSION = YES;
				CLANG_WARN_INFINITE_RECURSION = YES;
				CLANG_WARN_INT_CONVERSION = YES;
				CLANG_WARN_NON_LITERAL_NULL_CONVERSION = YES;
				CLANG_WARN_OBJC_IMPLICIT_RETAIN_SELF = YES;
				CLANG_WARN_OBJC_LITERAL_CONVERSION = YES;
				CLANG_WARN_OBJC_ROOT_CLASS = YES_ERROR;
				CLANG_WARN_QUOTED_INCLUDE_IN_FRAMEWORK_HEADER = YES;
				CLANG_WARN_RANGE_LOOP_ANALYSIS = YES;
				CLANG_WARN_STRICT_PROTOTYPES = YES;
				CLANG_WARN_SUSPICIOUS_MOVE = YES;
				CLANG_WARN_UNGUARDED_AVAILABILITY = YES_AGGRESSIVE;
				CLANG_WARN_UNREACHABLE_CODE = YES;
				CLANG_WARN__DUPLICATE_METHOD_MATCH = YES;
				COPY_PHASE_STRIP = NO;
				DEBUG_INFORMATION_FORMAT = "dwarf-with-dsym";
				ENABLE_NS_ASSERTIONS = NO;
				ENABLE_STRICT_OBJC_MSGSEND = YES;
				GCC_C_LANGUAGE_STANDARD = gnu11;
				GCC_NO_COMMON_BLOCKS = YES;
				GCC_WARN_64_TO_32_BIT_CONVERSION = YES;
				GCC_WARN_ABOUT_RETURN_TYPE = YES_ERROR;
				GCC_WARN_UNDECLARED_SELECTOR = YES;
				GCC_WARN_UNINITIALIZED_AUTOS = YES_AGGRESSIVE;
				GCC_WARN_UNUSED_FUNCTION = YES;
				GCC_WARN_UNUSED_VARIABLE = YES;
				MTL_ENABLE_DEBUG_INFO = NO;
				MTL_FAST_MATH = YES;
				SWIFT_COMPILATION_MODE = wholemodule;
				SWIFT_OPTIMIZATION_LEVEL = "-O";
			};
			name = Release;
		};
		EFF8346E267A22F1008EB5BB /* Debug */ = {
			isa = XCBuildConfiguration;
			buildSettings = {
				ASSETCATALOG_COMPILER_APPICON_NAME = AppIcon;
				ASSETCATALOG_COMPILER_GLOBAL_ACCENT_COLOR_NAME = AccentColor;
				CODE_SIGN_STYLE = Automatic;
				ENABLE_PREVIEWS = YES;
				INFOPLIST_FILE = iOS/Info.plist;
				IPHONEOS_DEPLOYMENT_TARGET = 14.0;
				LD_RUNPATH_SEARCH_PATHS = (
					"$(inherited)",
					"@executable_path/Frameworks",
				);
				PRODUCT_BUNDLE_IDENTIFIER = com.atos.AnimalsApp;
				PRODUCT_NAME = AnimalsApp;
				SDKROOT = iphoneos;
				SWIFT_VERSION = 5.0;
				TARGETED_DEVICE_FAMILY = "1,2";
			};
			name = Debug;
		};
		EFF8346F267A22F1008EB5BB /* Release */ = {
			isa = XCBuildConfiguration;
			buildSettings = {
				ASSETCATALOG_COMPILER_APPICON_NAME = AppIcon;
				ASSETCATALOG_COMPILER_GLOBAL_ACCENT_COLOR_NAME = AccentColor;
				CODE_SIGN_STYLE = Automatic;
				ENABLE_PREVIEWS = YES;
				INFOPLIST_FILE = iOS/Info.plist;
				IPHONEOS_DEPLOYMENT_TARGET = 14.0;
				LD_RUNPATH_SEARCH_PATHS = (
					"$(inherited)",
					"@executable_path/Frameworks",
				);
				PRODUCT_BUNDLE_IDENTIFIER = com.atos.AnimalsApp;
				PRODUCT_NAME = AnimalsApp;
				SDKROOT = iphoneos;
				SWIFT_VERSION = 5.0;
				TARGETED_DEVICE_FAMILY = "1,2";
				VALIDATE_PRODUCT = YES;
			};
			name = Release;
		};
		EFF83471267A22F1008EB5BB /* Debug */ = {
			isa = XCBuildConfiguration;
			buildSettings = {
				ASSETCATALOG_COMPILER_APPICON_NAME = AppIcon;
				ASSETCATALOG_COMPILER_GLOBAL_ACCENT_COLOR_NAME = AccentColor;
				CODE_SIGN_ENTITLEMENTS = macOS/macOS.entitlements;
				CODE_SIGN_STYLE = Automatic;
				COMBINE_HIDPI_IMAGES = YES;
				ENABLE_PREVIEWS = YES;
				INFOPLIST_FILE = macOS/Info.plist;
				LD_RUNPATH_SEARCH_PATHS = (
					"$(inherited)",
					"@executable_path/../Frameworks",
				);
				MACOSX_DEPLOYMENT_TARGET = 11.0;
				PRODUCT_BUNDLE_IDENTIFIER = com.atos.AnimalsApp;
				PRODUCT_NAME = AnimalsApp;
				SDKROOT = macosx;
				SWIFT_VERSION = 5.0;
			};
			name = Debug;
		};
		EFF83472267A22F1008EB5BB /* Release */ = {
			isa = XCBuildConfiguration;
			buildSettings = {
				ASSETCATALOG_COMPILER_APPICON_NAME = AppIcon;
				ASSETCATALOG_COMPILER_GLOBAL_ACCENT_COLOR_NAME = AccentColor;
				CODE_SIGN_ENTITLEMENTS = macOS/macOS.entitlements;
				CODE_SIGN_STYLE = Automatic;
				COMBINE_HIDPI_IMAGES = YES;
				ENABLE_PREVIEWS = YES;
				INFOPLIST_FILE = macOS/Info.plist;
				LD_RUNPATH_SEARCH_PATHS = (
					"$(inherited)",
					"@executable_path/../Frameworks",
				);
				MACOSX_DEPLOYMENT_TARGET = 11.0;
				PRODUCT_BUNDLE_IDENTIFIER = com.atos.AnimalsApp;
				PRODUCT_NAME = AnimalsApp;
				SDKROOT = macosx;
				SWIFT_VERSION = 5.0;
			};
			name = Release;
		};
/* End XCBuildConfiguration section */

/* Begin XCConfigurationList section */
		EFF83450267A22F0008EB5BB /* Build configuration list for PBXProject "AnimalsApp" */ = {
			isa = XCConfigurationList;
			buildConfigurations = (
				EFF8346B267A22F1008EB5BB /* Debug */,
				EFF8346C267A22F1008EB5BB /* Release */,
			);
			defaultConfigurationIsVisible = 0;
			defaultConfigurationName = Release;
		};
		EFF8346D267A22F1008EB5BB /* Build configuration list for PBXNativeTarget "AnimalsApp (iOS)" */ = {
			isa = XCConfigurationList;
			buildConfigurations = (
				EFF8346E267A22F1008EB5BB /* Debug */,
				EFF8346F267A22F1008EB5BB /* Release */,
			);
			defaultConfigurationIsVisible = 0;
			defaultConfigurationName = Release;
		};
		EFF83470267A22F1008EB5BB /* Build configuration list for PBXNativeTarget "AnimalsApp (macOS)" */ = {
			isa = XCConfigurationList;
			buildConfigurations = (
				EFF83471267A22F1008EB5BB /* Debug */,
				EFF83472267A22F1008EB5BB /* Release */,
			);
			defaultConfigurationIsVisible = 0;
			defaultConfigurationName = Release;
		};
/* End XCConfigurationList section */
	};
	rootObject = EFF8344D267A22F0008EB5BB /* Project object */;
}
